
Microsoft Visual Studio Solution File, Format Version 12.00
# Visual Studio Version 17
VisualStudioVersion = 17.11.35208.52
MinimumVisualStudioVersion = 10.0.40219.1
Project("{FAE04EC0-301F-11D3-BF4B-00C04F79EFBC}") = "RC4Tool", "RC4Tool\RC4Tool.csproj", "{A6AB1438-FC3D-4512-8FB0-A2A063DFD54B}"
EndProject
Global
	GlobalSection(SolutionConfigurationPlatforms) = preSolution
		Debug|Any CPU = Debug|Any CPU
		Release|Any CPU = Release|Any CPU
	EndGlobalSection
	GlobalSection(ProjectConfigurationPlatforms) = postSolution
		{A6AB1438-FC3D-4512-8FB0-A2A063DFD54B}.Debug|Any CPU.ActiveCfg = Debug|Any CPU
		{A6AB1438-FC3D-4512-8FB0-A2A063DFD54B}.Debug|Any CPU.Build.0 = Debug|Any CPU
		{A6AB1438-FC3D-4512-8FB0-A2A063DFD54B}.Release|Any CPU.ActiveCfg = Release|Any CPU
		{A6AB1438-FC3D-4512-8FB0-A2A063DFD54B}.Release|Any CPU.Build.0 = Release|Any CPU
	EndGlobalSection
	GlobalSection(SolutionProperties) = preSolution
		HideSolutionNode = FALSE
	EndGlobalSection
	GlobalSection(ExtensibilityGlobals) = postSolution
		SolutionGuid = {C8C7F970-1A1C-4536-A666-58A50A32190A}
	EndGlobalSection
EndGlobal
